
Microsoft Visual Studio Solution File, Format Version 12.00
# Visual Studio Version 16
VisualStudioVersion = 25.0.1704.2
MinimumVisualStudioVersion = 10.0.40219.1
Project("{FAE04EC0-301F-11D3-BF4B-00C04F79EFBC}") = "sp23Team13FinalProject", "sp23Team13FinalProject\sp23Team13FinalProject.csproj", "{ADB635C5-C529-4165-8BBC-08E5AA3EC5A6}"
EndProject
Global
	GlobalSection(SolutionConfigurationPlatforms) = preSolution
		Debug|Any CPU = Debug|Any CPU
		Release|Any CPU = Release|Any CPU
	EndGlobalSection
	GlobalSection(ProjectConfigurationPlatforms) = postSolution
		{ADB635C5-C529-4165-8BBC-08E5AA3EC5A6}.Debug|Any CPU.ActiveCfg = Debug|Any CPU
		{ADB635C5-C529-4165-8BBC-08E5AA3EC5A6}.Debug|Any CPU.Build.0 = Debug|Any CPU
		{ADB635C5-C529-4165-8BBC-08E5AA3EC5A6}.Release|Any CPU.ActiveCfg = Release|Any CPU
		{ADB635C5-C529-4165-8BBC-08E5AA3EC5A6}.Release|Any CPU.Build.0 = Release|Any CPU
	EndGlobalSection
	GlobalSection(SolutionProperties) = preSolution
		HideSolutionNode = FALSE
	EndGlobalSection
	GlobalSection(ExtensibilityGlobals) = postSolution
		SolutionGuid = {29E8398E-99FC-4343-B2EA-AB41733F13C8}
	EndGlobalSection
EndGlobal
